
Microsoft Visual Studio Solution File, Format Version 12.00
# Visual Studio Version 17
VisualStudioVersion = 17.8.34309.116
MinimumVisualStudioVersion = 10.0.40219.1
Project("{9A19103F-16F7-4668-BE54-9A1E7A4F7556}") = "Parking Zone", "Parking Zone.csproj", "{39913EDD-3792-4637-9027-6FF2C8A89AA5}"
EndProject
Project("{9A19103F-16F7-4668-BE54-9A1E7A4F7556}") = "Tests3", "..\Tests3\Tests3.csproj", "{B8D04FEA-F4ED-48F1-984A-F28A1E962221}"
EndProject
Project("{FAE04EC0-301F-11D3-BF4B-00C04F79EFBC}") = "Enten", "..\Enten\Enten.csproj", "{706FCD52-8325-4E63-A489-8347DF176738}"
EndProject
Global
	GlobalSection(SolutionConfigurationPlatforms) = preSolution
		Debug|Any CPU = Debug|Any CPU
		Release|Any CPU = Release|Any CPU
	EndGlobalSection
	GlobalSection(ProjectConfigurationPlatforms) = postSolution
		{39913EDD-3792-4637-9027-6FF2C8A89AA5}.Debug|Any CPU.ActiveCfg = Debug|Any CPU
		{39913EDD-3792-4637-9027-6FF2C8A89AA5}.Debug|Any CPU.Build.0 = Debug|Any CPU
		{39913EDD-3792-4637-9027-6FF2C8A89AA5}.Release|Any CPU.ActiveCfg = Release|Any CPU
		{39913EDD-3792-4637-9027-6FF2C8A89AA5}.Release|Any CPU.Build.0 = Release|Any CPU
		{B8D04FEA-F4ED-48F1-984A-F28A1E962221}.Debug|Any CPU.ActiveCfg = Debug|Any CPU
		{B8D04FEA-F4ED-48F1-984A-F28A1E962221}.Debug|Any CPU.Build.0 = Debug|Any CPU
		{B8D04FEA-F4ED-48F1-984A-F28A1E962221}.Release|Any CPU.ActiveCfg = Release|Any CPU
		{B8D04FEA-F4ED-48F1-984A-F28A1E962221}.Release|Any CPU.Build.0 = Release|Any CPU
		{706FCD52-8325-4E63-A489-8347DF176738}.Debug|Any CPU.ActiveCfg = Debug|Any CPU
		{706FCD52-8325-4E63-A489-8347DF176738}.Debug|Any CPU.Build.0 = Debug|Any CPU
		{706FCD52-8325-4E63-A489-8347DF176738}.Release|Any CPU.ActiveCfg = Release|Any CPU
		{706FCD52-8325-4E63-A489-8347DF176738}.Release|Any CPU.Build.0 = Release|Any CPU
	EndGlobalSection
	GlobalSection(SolutionProperties) = preSolution
		HideSolutionNode = FALSE
	EndGlobalSection
	GlobalSection(ExtensibilityGlobals) = postSolution
		SolutionGuid = {014CA6BF-4E45-4C66-A560-3BEAC465C3BF}
	EndGlobalSection
EndGlobal
